schema: '2.0'
stages:
  data_ingestion:
    cmd: py src/data_ingestion.py
    deps:
    - path: src/data_ingestion.py
      hash: md5
      md5: d9f9e7d2453ee8c4b142c6b8fadd746c
      size: 1401
    params:
      params.yaml:
        data_ingestion.test_size: 0.2
    outs:
    - path: data/raw
      hash: md5
      md5: ec02dbd12f39c779047dd3e43fb70a2b.dir
      size: 827973
      nfiles: 2
  data_preprocessing:
    cmd: py src/data_preprocessing.py
    deps:
    - path: data/raw
      hash: md5
      md5: ec02dbd12f39c779047dd3e43fb70a2b.dir
      size: 827973
      nfiles: 2
    - path: src/data_preprocessing.py
      hash: md5
      md5: 4eea2c0407f74b33d5c221453ee95079
      size: 3022
    outs:
    - path: data/processed
      hash: md5
      md5: 5a97978b4e7e51d954898b1e1ef9072c.dir
      size: 558621
      nfiles: 2
  feature_engineering:
    cmd: py src/feature_engineering.py
    deps:
    - path: data/processed
      hash: md5
      md5: 5a97978b4e7e51d954898b1e1ef9072c.dir
      size: 558621
      nfiles: 2
    - path: src/feature_engineering.py
      hash: md5
      md5: 377b0dc9554e3a63f11b5d913ad2ffc5
      size: 1860
    params:
      params.yaml:
        feature_engineering.max_features: 50
    outs:
    - path: data/feature_engineered
      hash: md5
      md5: a36fb2a43e76591646cc6899994c6b9b.dir
      size: 1020111
      nfiles: 2
  train_model:
    cmd: py src/train_model.py
    deps:
    - path: data/feature_engineered/train_data.csv
      hash: md5
      md5: ebbb2046ad30c13b72779a3db7020dbe
      size: 816841
    - path: src/train_model.py
      hash: md5
      md5: 2ae92cb20ff2e9096d6ca84581141394
      size: 1335
    params:
      params.yaml:
        train_model.learning_rate: 0.1
        train_model.n_estimators: 25
    outs:
    - path: models/xgb_model.joblib
      hash: md5
      md5: dc31c770a728ec5591be5b1c221a1484
      size: 57073
  evaluate_model:
    cmd: py src/evaluate_model.py
    deps:
    - path: data/feature_engineered/test_data.csv
      hash: md5
      md5: 2878fcb0273266c1ce5ceab05203dc0e
      size: 203270
    - path: models/xgb_model.joblib
      hash: md5
      md5: dc31c770a728ec5591be5b1c221a1484
      size: 57073
    - path: src/evaluate_model.py
      hash: md5
      md5: c23c53f730de10821809eeb40d849437
      size: 2890
  register_model:
    cmd: py src/register_model.py
    deps:
    - path: metrics/metrics.json
      hash: md5
      md5: 570a9eabb43ee627c17b7aeb519dcc23
      size: 101
    - path: models/xgb_model.joblib
      hash: md5
      md5: dc31c770a728ec5591be5b1c221a1484
      size: 57073
    - path: src/register_model.py
      hash: md5
      md5: 64686d345df49031b68eda45dd2f256e
      size: 2153
